
Microsoft Visual Studio Solution File, Format Version 12.00
# Visual Studio Version 17
VisualStudioVersion = 17.12.35527.113 d17.12
MinimumVisualStudioVersion = 10.0.40219.1
Project("{FAE04EC0-301F-11D3-BF4B-00C04F79EFBC}") = "Homework10 - circular queue", "Homework10 - circular queue\Homework10 - circular queue.csproj", "{9FD200CD-A670-42DF-835A-B7A1BB69F9FC}"
EndProject
Global
	GlobalSection(SolutionConfigurationPlatforms) = preSolution
		Debug|Any CPU = Debug|Any CPU
		Release|Any CPU = Release|Any CPU
	EndGlobalSection
	GlobalSection(ProjectConfigurationPlatforms) = postSolution
		{9FD200CD-A670-42DF-835A-B7A1BB69F9FC}.Debug|Any CPU.ActiveCfg = Debug|Any CPU
		{9FD200CD-A670-42DF-835A-B7A1BB69F9FC}.Debug|Any CPU.Build.0 = Debug|Any CPU
		{9FD200CD-A670-42DF-835A-B7A1BB69F9FC}.Release|Any CPU.ActiveCfg = Release|Any CPU
		{9FD200CD-A670-42DF-835A-B7A1BB69F9FC}.Release|Any CPU.Build.0 = Release|Any CPU
	EndGlobalSection
	GlobalSection(SolutionProperties) = preSolution
		HideSolutionNode = FALSE
	EndGlobalSection
EndGlobal
