
Microsoft Visual Studio Solution File, Format Version 12.00
# Visual Studio Version 17
VisualStudioVersion = 17.12.35527.113 d17.12
MinimumVisualStudioVersion = 10.0.40219.1
Project("{FAE04EC0-301F-11D3-BF4B-00C04F79EFBC}") = "Homework11 - singly linked list", "Homework11 - singly linked list\Homework11 - singly linked list.csproj", "{123C0CAF-54DC-485E-9FFE-9E5D427CC466}"
EndProject
Global
	GlobalSection(SolutionConfigurationPlatforms) = preSolution
		Debug|Any CPU = Debug|Any CPU
		Release|Any CPU = Release|Any CPU
	EndGlobalSection
	GlobalSection(ProjectConfigurationPlatforms) = postSolution
		{123C0CAF-54DC-485E-9FFE-9E5D427CC466}.Debug|Any CPU.ActiveCfg = Debug|Any CPU
		{123C0CAF-54DC-485E-9FFE-9E5D427CC466}.Debug|Any CPU.Build.0 = Debug|Any CPU
		{123C0CAF-54DC-485E-9FFE-9E5D427CC466}.Release|Any CPU.ActiveCfg = Release|Any CPU
		{123C0CAF-54DC-485E-9FFE-9E5D427CC466}.Release|Any CPU.Build.0 = Release|Any CPU
	EndGlobalSection
	GlobalSection(SolutionProperties) = preSolution
		HideSolutionNode = FALSE
	EndGlobalSection
EndGlobal
