
Microsoft Visual Studio Solution File, Format Version 12.00
# Visual Studio Version 17
VisualStudioVersion = 17.9.34723.18
MinimumVisualStudioVersion = 10.0.40219.1
Project("{FAE04EC0-301F-11D3-BF4B-00C04F79EFBC}") = "Homework2 - calculator(easy)", "Homework2 - calculator(easy)\Homework2 - calculator(easy).csproj", "{6DB281E8-D321-4672-813D-B6DB640FD342}"
EndProject
Global
	GlobalSection(SolutionConfigurationPlatforms) = preSolution
		Debug|Any CPU = Debug|Any CPU
		Release|Any CPU = Release|Any CPU
	EndGlobalSection
	GlobalSection(ProjectConfigurationPlatforms) = postSolution
		{6DB281E8-D321-4672-813D-B6DB640FD342}.Debug|Any CPU.ActiveCfg = Debug|Any CPU
		{6DB281E8-D321-4672-813D-B6DB640FD342}.Debug|Any CPU.Build.0 = Debug|Any CPU
		{6DB281E8-D321-4672-813D-B6DB640FD342}.Release|Any CPU.ActiveCfg = Release|Any CPU
		{6DB281E8-D321-4672-813D-B6DB640FD342}.Release|Any CPU.Build.0 = Release|Any CPU
	EndGlobalSection
	GlobalSection(SolutionProperties) = preSolution
		HideSolutionNode = FALSE
	EndGlobalSection
	GlobalSection(ExtensibilityGlobals) = postSolution
		SolutionGuid = {6341E917-B26A-4264-8407-4F9942057D85}
	EndGlobalSection
EndGlobal
