
Microsoft Visual Studio Solution File, Format Version 12.00
# Visual Studio Version 17
VisualStudioVersion = 17.9.34723.18
MinimumVisualStudioVersion = 10.0.40219.1
Project("{FAE04EC0-301F-11D3-BF4B-00C04F79EFBC}") = "Homework1 - direction", "Homework1 - direction\Homework1 - direction.csproj", "{1C190A79-5B5C-495A-9A34-4814F3DE21F6}"
EndProject
Global
	GlobalSection(SolutionConfigurationPlatforms) = preSolution
		Debug|Any CPU = Debug|Any CPU
		Release|Any CPU = Release|Any CPU
	EndGlobalSection
	GlobalSection(ProjectConfigurationPlatforms) = postSolution
		{1C190A79-5B5C-495A-9A34-4814F3DE21F6}.Debug|Any CPU.ActiveCfg = Debug|Any CPU
		{1C190A79-5B5C-495A-9A34-4814F3DE21F6}.Debug|Any CPU.Build.0 = Debug|Any CPU
		{1C190A79-5B5C-495A-9A34-4814F3DE21F6}.Release|Any CPU.ActiveCfg = Release|Any CPU
		{1C190A79-5B5C-495A-9A34-4814F3DE21F6}.Release|Any CPU.Build.0 = Release|Any CPU
	EndGlobalSection
	GlobalSection(SolutionProperties) = preSolution
		HideSolutionNode = FALSE
	EndGlobalSection
	GlobalSection(ExtensibilityGlobals) = postSolution
		SolutionGuid = {4DA81DA4-3D30-4DF1-995B-FCA367C97505}
	EndGlobalSection
EndGlobal
